github.com/accrescent/apkstat v0.1.3 h1:Ak5QqYdZ/+vuXnobKhzH+QtwADyJJsevJvmwAlQVU+U=
github.com/accrescent/apkstat v0.1.3/go.mod h1:RSfKqgtS8TwEAADMRkW4hdZpNE6e8Vvg1zeQ0w6MFZk=
github.com/avast/apkparser v0.0.0-20221110131626-bc2b7ccc9d3e h1:xlEHmOdmkZSseNewD+HiR6HIgJ1NHoVyiapTtSaHPFo=
github.com/avast/apkparser v0.0.0-20221110131626-bc2b7ccc9d3e/go.mod h1:Q9VJUqVyJjIsFm+2rS5ongUUeHjoTG4b0LanUo7A2yk=
github.com/klauspost/compress v1.15.12 h1:YClS/PImqYbn+UILDnqxQCZ3RehC9N318SU3kElDUEM=
github.com/klauspost/compress v1.15.12/go.mod h1:QPwzmACJjUTFsnSHH934V6woptycfrDDJnH7hvFVbGM=
